
Microsoft Visual Studio Solution File, Format Version 12.00
# Visual Studio Version 16
VisualStudioVersion = 16.0.29728.190
MinimumVisualStudioVersion = 10.0.40219.1
Project("{FAE04EC0-301F-11D3-BF4B-00C04F79EFBC}") = "aliyundrive-Client-CSharp", "aliyundrive-Client-CSharp.csproj", "{397FCE2C-E807-4D2F-9B3F-DA3B7E2315B9}"
EndProject
Project("{2150E333-8FDC-42A3-9474-1A3956D46DE8}") = "Solution Items", "Solution Items", "{CAE0E549-D2D8-4BC0-9987-9518C2397680}"
	ProjectSection(SolutionItems) = preProject
		.editorconfig = .editorconfig
	EndProjectSection
EndProject
Project("{FAE04EC0-301F-11D3-BF4B-00C04F79EFBC}") = "RefererDownload", "..\RefererDownload\RefererDownload.csproj", "{686090C2-35D2-44BC-A1B7-F219A183D404}"
EndProject
Global
	GlobalSection(SolutionConfigurationPlatforms) = preSolution
		Debug|Any CPU = Debug|Any CPU
		Release|Any CPU = Release|Any CPU
	EndGlobalSection
	GlobalSection(ProjectConfigurationPlatforms) = postSolution
		{397FCE2C-E807-4D2F-9B3F-DA3B7E2315B9}.Debug|Any CPU.ActiveCfg = Debug|Any CPU
		{397FCE2C-E807-4D2F-9B3F-DA3B7E2315B9}.Debug|Any CPU.Build.0 = Debug|Any CPU
		{397FCE2C-E807-4D2F-9B3F-DA3B7E2315B9}.Release|Any CPU.ActiveCfg = Release|Any CPU
		{397FCE2C-E807-4D2F-9B3F-DA3B7E2315B9}.Release|Any CPU.Build.0 = Release|Any CPU
		{686090C2-35D2-44BC-A1B7-F219A183D404}.Debug|Any CPU.ActiveCfg = Debug|Any CPU
		{686090C2-35D2-44BC-A1B7-F219A183D404}.Debug|Any CPU.Build.0 = Debug|Any CPU
		{686090C2-35D2-44BC-A1B7-F219A183D404}.Release|Any CPU.ActiveCfg = Release|Any CPU
		{686090C2-35D2-44BC-A1B7-F219A183D404}.Release|Any CPU.Build.0 = Release|Any CPU
	EndGlobalSection
	GlobalSection(SolutionProperties) = preSolution
		HideSolutionNode = FALSE
	EndGlobalSection
	GlobalSection(ExtensibilityGlobals) = postSolution
		SolutionGuid = {228EF5B3-570F-48BD-9138-1B2B0D9A1C32}
	EndGlobalSection
EndGlobal
